
Microsoft Visual Studio Solution File, Format Version 12.00
# Visual Studio Express 2012 for Windows Desktop
Project("{FAE04EC0-301F-11D3-BF4B-00C04F79EFBC}") = "WpfApplication", "WpfApplication\WpfApplication.csproj", "{1D3446FA-6126-4642-9720-6DC3A1EDBB1F}"
	ProjectSection(ProjectDependencies) = postProject
		{6A0703C8-4175-43AB-BAE4-FD2F7FA075AE} = {6A0703C8-4175-43AB-BAE4-FD2F7FA075AE}
	EndProjectSection
EndProject
Project("{FAE04EC0-301F-11D3-BF4B-00C04F79EFBC}") = "ConverterSet", "ConverterSet\ConverterSet.csproj", "{EF838710-8EFD-41C0-9A07-0DDBFA87D184}"
EndProject
Project("{8BC9CEB8-8B4A-11D0-8D11-00A0C91BC942}") = "3DFilter_CLR_Interface", "3DFilter_CLR_Interface\3DFilter_CLR_Interface.vcxproj", "{6A0703C8-4175-43AB-BAE4-FD2F7FA075AE}"
	ProjectSection(ProjectDependencies) = postProject
		{0178A9C0-55DE-400A-B3B1-7EB1A6E581B7} = {0178A9C0-55DE-400A-B3B1-7EB1A6E581B7}
	EndProjectSection
EndProject
Project("{8BC9CEB8-8B4A-11D0-8D11-00A0C91BC942}") = "3DFilter", "3DFilter\3DFilter.vcxproj", "{0178A9C0-55DE-400A-B3B1-7EB1A6E581B7}"
	ProjectSection(ProjectDependencies) = postProject
		{F3D4CC0E-9938-4F3D-8C69-E720B1130877} = {F3D4CC0E-9938-4F3D-8C69-E720B1130877}
		{3E0243EE-F542-4C67-9B4F-443175D60841} = {3E0243EE-F542-4C67-9B4F-443175D60841}
	EndProjectSection
EndProject
Project("{8BC9CEB8-8B4A-11D0-8D11-00A0C91BC942}") = "ConvolutionSeparableGPU", "ConvolutionSeparableGPU\ConvolutionSeparableGPU.vcxproj", "{F3D4CC0E-9938-4F3D-8C69-E720B1130877}"
EndProject
Project("{8BC9CEB8-8B4A-11D0-8D11-00A0C91BC942}") = "MultiTiffIO", "MultiTiffIO\MultiTiffIO.vcxproj", "{3E0243EE-F542-4C67-9B4F-443175D60841}"
EndProject
Global
	GlobalSection(SolutionConfigurationPlatforms) = preSolution
		Debug|Any CPU = Debug|Any CPU
		Debug|Mixed Platforms = Debug|Mixed Platforms
		Debug|Win32 = Debug|Win32
		Debug|x64 = Debug|x64
		Release|Any CPU = Release|Any CPU
		Release|Mixed Platforms = Release|Mixed Platforms
		Release|Win32 = Release|Win32
		Release|x64 = Release|x64
	EndGlobalSection
	GlobalSection(ProjectConfigurationPlatforms) = postSolution
		{1D3446FA-6126-4642-9720-6DC3A1EDBB1F}.Debug|Any CPU.ActiveCfg = Debug|Any CPU
		{1D3446FA-6126-4642-9720-6DC3A1EDBB1F}.Debug|Any CPU.Build.0 = Debug|Any CPU
		{1D3446FA-6126-4642-9720-6DC3A1EDBB1F}.Debug|Mixed Platforms.ActiveCfg = Debug|Any CPU
		{1D3446FA-6126-4642-9720-6DC3A1EDBB1F}.Debug|Mixed Platforms.Build.0 = Debug|Any CPU
		{1D3446FA-6126-4642-9720-6DC3A1EDBB1F}.Debug|Win32.ActiveCfg = Debug|Any CPU
		{1D3446FA-6126-4642-9720-6DC3A1EDBB1F}.Debug|x64.ActiveCfg = Debug|x64
		{1D3446FA-6126-4642-9720-6DC3A1EDBB1F}.Debug|x64.Build.0 = Debug|x64
		{1D3446FA-6126-4642-9720-6DC3A1EDBB1F}.Release|Any CPU.ActiveCfg = Release|Any CPU
		{1D3446FA-6126-4642-9720-6DC3A1EDBB1F}.Release|Any CPU.Build.0 = Release|Any CPU
		{1D3446FA-6126-4642-9720-6DC3A1EDBB1F}.Release|Mixed Platforms.ActiveCfg = Release|Any CPU
		{1D3446FA-6126-4642-9720-6DC3A1EDBB1F}.Release|Mixed Platforms.Build.0 = Release|Any CPU
		{1D3446FA-6126-4642-9720-6DC3A1EDBB1F}.Release|Win32.ActiveCfg = Release|Any CPU
		{1D3446FA-6126-4642-9720-6DC3A1EDBB1F}.Release|x64.ActiveCfg = Release|x64
		{1D3446FA-6126-4642-9720-6DC3A1EDBB1F}.Release|x64.Build.0 = Release|x64
		{EF838710-8EFD-41C0-9A07-0DDBFA87D184}.Debug|Any CPU.ActiveCfg = Debug|Any CPU
		{EF838710-8EFD-41C0-9A07-0DDBFA87D184}.Debug|Any CPU.Build.0 = Debug|Any CPU
		{EF838710-8EFD-41C0-9A07-0DDBFA87D184}.Debug|Mixed Platforms.ActiveCfg = Debug|Any CPU
		{EF838710-8EFD-41C0-9A07-0DDBFA87D184}.Debug|Mixed Platforms.Build.0 = Debug|Any CPU
		{EF838710-8EFD-41C0-9A07-0DDBFA87D184}.Debug|Win32.ActiveCfg = Debug|Any CPU
		{EF838710-8EFD-41C0-9A07-0DDBFA87D184}.Debug|x64.ActiveCfg = Debug|x64
		{EF838710-8EFD-41C0-9A07-0DDBFA87D184}.Debug|x64.Build.0 = Debug|x64
		{EF838710-8EFD-41C0-9A07-0DDBFA87D184}.Release|Any CPU.ActiveCfg = Release|Any CPU
		{EF838710-8EFD-41C0-9A07-0DDBFA87D184}.Release|Any CPU.Build.0 = Release|Any CPU
		{EF838710-8EFD-41C0-9A07-0DDBFA87D184}.Release|Mixed Platforms.ActiveCfg = Release|Any CPU
		{EF838710-8EFD-41C0-9A07-0DDBFA87D184}.Release|Mixed Platforms.Build.0 = Release|Any CPU
		{EF838710-8EFD-41C0-9A07-0DDBFA87D184}.Release|Win32.ActiveCfg = Release|Any CPU
		{EF838710-8EFD-41C0-9A07-0DDBFA87D184}.Release|x64.ActiveCfg = Release|x64
		{EF838710-8EFD-41C0-9A07-0DDBFA87D184}.Release|x64.Build.0 = Release|x64
		{6A0703C8-4175-43AB-BAE4-FD2F7FA075AE}.Debug|Any CPU.ActiveCfg = Debug|x64
		{6A0703C8-4175-43AB-BAE4-FD2F7FA075AE}.Debug|Any CPU.Build.0 = Debug|x64
		{6A0703C8-4175-43AB-BAE4-FD2F7FA075AE}.Debug|Mixed Platforms.ActiveCfg = Debug|x64
		{6A0703C8-4175-43AB-BAE4-FD2F7FA075AE}.Debug|Mixed Platforms.Build.0 = Debug|x64
		{6A0703C8-4175-43AB-BAE4-FD2F7FA075AE}.Debug|Win32.ActiveCfg = Debug|Win32
		{6A0703C8-4175-43AB-BAE4-FD2F7FA075AE}.Debug|Win32.Build.0 = Debug|Win32
		{6A0703C8-4175-43AB-BAE4-FD2F7FA075AE}.Debug|x64.ActiveCfg = Debug|x64
		{6A0703C8-4175-43AB-BAE4-FD2F7FA075AE}.Debug|x64.Build.0 = Debug|x64
		{6A0703C8-4175-43AB-BAE4-FD2F7FA075AE}.Release|Any CPU.ActiveCfg = Release|x64
		{6A0703C8-4175-43AB-BAE4-FD2F7FA075AE}.Release|Any CPU.Build.0 = Release|x64
		{6A0703C8-4175-43AB-BAE4-FD2F7FA075AE}.Release|Mixed Platforms.ActiveCfg = Release|Win32
		{6A0703C8-4175-43AB-BAE4-FD2F7FA075AE}.Release|Mixed Platforms.Build.0 = Release|Win32
		{6A0703C8-4175-43AB-BAE4-FD2F7FA075AE}.Release|Win32.ActiveCfg = Release|Win32
		{6A0703C8-4175-43AB-BAE4-FD2F7FA075AE}.Release|Win32.Build.0 = Release|Win32
		{6A0703C8-4175-43AB-BAE4-FD2F7FA075AE}.Release|x64.ActiveCfg = Release|x64
		{6A0703C8-4175-43AB-BAE4-FD2F7FA075AE}.Release|x64.Build.0 = Release|x64
		{0178A9C0-55DE-400A-B3B1-7EB1A6E581B7}.Debug|Any CPU.ActiveCfg = Debug|x64
		{0178A9C0-55DE-400A-B3B1-7EB1A6E581B7}.Debug|Any CPU.Build.0 = Debug|x64
		{0178A9C0-55DE-400A-B3B1-7EB1A6E581B7}.Debug|Mixed Platforms.ActiveCfg = Debug|x64
		{0178A9C0-55DE-400A-B3B1-7EB1A6E581B7}.Debug|Mixed Platforms.Build.0 = Debug|x64
		{0178A9C0-55DE-400A-B3B1-7EB1A6E581B7}.Debug|Win32.ActiveCfg = Debug|Win32
		{0178A9C0-55DE-400A-B3B1-7EB1A6E581B7}.Debug|Win32.Build.0 = Debug|Win32
		{0178A9C0-55DE-400A-B3B1-7EB1A6E581B7}.Debug|x64.ActiveCfg = Debug|x64
		{0178A9C0-55DE-400A-B3B1-7EB1A6E581B7}.Debug|x64.Build.0 = Debug|x64
		{0178A9C0-55DE-400A-B3B1-7EB1A6E581B7}.Release|Any CPU.ActiveCfg = Release|x64
		{0178A9C0-55DE-400A-B3B1-7EB1A6E581B7}.Release|Any CPU.Build.0 = Release|x64
		{0178A9C0-55DE-400A-B3B1-7EB1A6E581B7}.Release|Mixed Platforms.ActiveCfg = Release|Win32
		{0178A9C0-55DE-400A-B3B1-7EB1A6E581B7}.Release|Mixed Platforms.Build.0 = Release|Win32
		{0178A9C0-55DE-400A-B3B1-7EB1A6E581B7}.Release|Win32.ActiveCfg = Release|Win32
		{0178A9C0-55DE-400A-B3B1-7EB1A6E581B7}.Release|Win32.Build.0 = Release|Win32
		{0178A9C0-55DE-400A-B3B1-7EB1A6E581B7}.Release|x64.ActiveCfg = Release|x64
		{0178A9C0-55DE-400A-B3B1-7EB1A6E581B7}.Release|x64.Build.0 = Release|x64
		{F3D4CC0E-9938-4F3D-8C69-E720B1130877}.Debug|Any CPU.ActiveCfg = Debug|x64
		{F3D4CC0E-9938-4F3D-8C69-E720B1130877}.Debug|Any CPU.Build.0 = Debug|x64
		{F3D4CC0E-9938-4F3D-8C69-E720B1130877}.Debug|Mixed Platforms.ActiveCfg = Debug|x64
		{F3D4CC0E-9938-4F3D-8C69-E720B1130877}.Debug|Mixed Platforms.Build.0 = Debug|x64
		{F3D4CC0E-9938-4F3D-8C69-E720B1130877}.Debug|Win32.ActiveCfg = Debug|Win32
		{F3D4CC0E-9938-4F3D-8C69-E720B1130877}.Debug|Win32.Build.0 = Debug|Win32
		{F3D4CC0E-9938-4F3D-8C69-E720B1130877}.Debug|x64.ActiveCfg = Debug|x64
		{F3D4CC0E-9938-4F3D-8C69-E720B1130877}.Debug|x64.Build.0 = Debug|x64
		{F3D4CC0E-9938-4F3D-8C69-E720B1130877}.Release|Any CPU.ActiveCfg = Release|x64
		{F3D4CC0E-9938-4F3D-8C69-E720B1130877}.Release|Any CPU.Build.0 = Release|x64
		{F3D4CC0E-9938-4F3D-8C69-E720B1130877}.Release|Mixed Platforms.ActiveCfg = Release|Win32
		{F3D4CC0E-9938-4F3D-8C69-E720B1130877}.Release|Mixed Platforms.Build.0 = Release|Win32
		{F3D4CC0E-9938-4F3D-8C69-E720B1130877}.Release|Win32.ActiveCfg = Release|Win32
		{F3D4CC0E-9938-4F3D-8C69-E720B1130877}.Release|Win32.Build.0 = Release|Win32
		{F3D4CC0E-9938-4F3D-8C69-E720B1130877}.Release|x64.ActiveCfg = Release|x64
		{F3D4CC0E-9938-4F3D-8C69-E720B1130877}.Release|x64.Build.0 = Release|x64
		{3E0243EE-F542-4C67-9B4F-443175D60841}.Debug|Any CPU.ActiveCfg = Debug|x64
		{3E0243EE-F542-4C67-9B4F-443175D60841}.Debug|Any CPU.Build.0 = Debug|x64
		{3E0243EE-F542-4C67-9B4F-443175D60841}.Debug|Mixed Platforms.ActiveCfg = Debug|x64
		{3E0243EE-F542-4C67-9B4F-443175D60841}.Debug|Mixed Platforms.Build.0 = Debug|x64
		{3E0243EE-F542-4C67-9B4F-443175D60841}.Debug|Win32.ActiveCfg = Debug|Win32
		{3E0243EE-F542-4C67-9B4F-443175D60841}.Debug|Win32.Build.0 = Debug|Win32
		{3E0243EE-F542-4C67-9B4F-443175D60841}.Debug|x64.ActiveCfg = Debug|x64
		{3E0243EE-F542-4C67-9B4F-443175D60841}.Debug|x64.Build.0 = Debug|x64
		{3E0243EE-F542-4C67-9B4F-443175D60841}.Release|Any CPU.ActiveCfg = Release|x64
		{3E0243EE-F542-4C67-9B4F-443175D60841}.Release|Any CPU.Build.0 = Release|x64
		{3E0243EE-F542-4C67-9B4F-443175D60841}.Release|Mixed Platforms.ActiveCfg = Release|Win32
		{3E0243EE-F542-4C67-9B4F-443175D60841}.Release|Mixed Platforms.Build.0 = Release|Win32
		{3E0243EE-F542-4C67-9B4F-443175D60841}.Release|Win32.ActiveCfg = Release|Win32
		{3E0243EE-F542-4C67-9B4F-443175D60841}.Release|Win32.Build.0 = Release|Win32
		{3E0243EE-F542-4C67-9B4F-443175D60841}.Release|x64.ActiveCfg = Release|x64
		{3E0243EE-F542-4C67-9B4F-443175D60841}.Release|x64.Build.0 = Release|x64
	EndGlobalSection
	GlobalSection(SolutionProperties) = preSolution
		HideSolutionNode = FALSE
	EndGlobalSection
EndGlobal
