
Microsoft Visual Studio Solution File, Format Version 12.00
# Visual Studio 2012
Project("{FAE04EC0-301F-11D3-BF4B-00C04F79EFBC}") = "WpfApplication", "WpfApplication\WpfApplication.csproj", "{1D3446FA-6126-4642-9720-6DC3A1EDBB1F}"
	ProjectSection(ProjectDependencies) = postProject
		{6A0703C8-4175-43AB-BAE4-FD2F7FA075AE} = {6A0703C8-4175-43AB-BAE4-FD2F7FA075AE}
	EndProjectSection
EndProject
Project("{FAE04EC0-301F-11D3-BF4B-00C04F79EFBC}") = "ConverterSet", "ConverterSet\ConverterSet.csproj", "{EF838710-8EFD-41C0-9A07-0DDBFA87D184}"
EndProject
Project("{8BC9CEB8-8B4A-11D0-8D11-00A0C91BC942}") = "3DFilter_CLR_Interface", "3DFilter_CLR_Interface\3DFilter_CLR_Interface.vcxproj", "{6A0703C8-4175-43AB-BAE4-FD2F7FA075AE}"
	ProjectSection(ProjectDependencies) = postProject
		{0178A9C0-55DE-400A-B3B1-7EB1A6E581B7} = {0178A9C0-55DE-400A-B3B1-7EB1A6E581B7}
	EndProjectSection
EndProject
Project("{8BC9CEB8-8B4A-11D0-8D11-00A0C91BC942}") = "3DFilter", "3DFilter\3DFilter.vcxproj", "{0178A9C0-55DE-400A-B3B1-7EB1A6E581B7}"
	ProjectSection(ProjectDependencies) = postProject
		{F3D4CC0E-9938-4F3D-8C69-E720B1130877} = {F3D4CC0E-9938-4F3D-8C69-E720B1130877}
		{3E0243EE-F542-4C67-9B4F-443175D60841} = {3E0243EE-F542-4C67-9B4F-443175D60841}
	EndProjectSection
EndProject
Project("{8BC9CEB8-8B4A-11D0-8D11-00A0C91BC942}") = "ConvolutionSeparableGPU", "ConvolutionSeparableGPU\ConvolutionSeparableGPU.vcxproj", "{F3D4CC0E-9938-4F3D-8C69-E720B1130877}"
EndProject
Project("{8BC9CEB8-8B4A-11D0-8D11-00A0C91BC942}") = "MultiTiffIO", "MultiTiffIO\MultiTiffIO.vcxproj", "{3E0243EE-F542-4C67-9B4F-443175D60841}"
EndProject
Project("{6141683F-8A12-4E36-9623-2EB02B2C2303}") = "Setup_x64", "Setup1\Setup_x64.isproj", "{14559DBA-C8DE-47C0-A974-907963D69125}"
	ProjectSection(ProjectDependencies) = postProject
		{F3D4CC0E-9938-4F3D-8C69-E720B1130877} = {F3D4CC0E-9938-4F3D-8C69-E720B1130877}
		{EF838710-8EFD-41C0-9A07-0DDBFA87D184} = {EF838710-8EFD-41C0-9A07-0DDBFA87D184}
		{0178A9C0-55DE-400A-B3B1-7EB1A6E581B7} = {0178A9C0-55DE-400A-B3B1-7EB1A6E581B7}
		{6A0703C8-4175-43AB-BAE4-FD2F7FA075AE} = {6A0703C8-4175-43AB-BAE4-FD2F7FA075AE}
		{3E0243EE-F542-4C67-9B4F-443175D60841} = {3E0243EE-F542-4C67-9B4F-443175D60841}
		{1D3446FA-6126-4642-9720-6DC3A1EDBB1F} = {1D3446FA-6126-4642-9720-6DC3A1EDBB1F}
	EndProjectSection
EndProject
Project("{6141683F-8A12-4E36-9623-2EB02B2C2303}") = "Setup_x86", "Setup_x86\Setup_x86.isproj", "{C14518F8-FB61-47B9-8135-7B08E97C28F0}"
	ProjectSection(ProjectDependencies) = postProject
		{F3D4CC0E-9938-4F3D-8C69-E720B1130877} = {F3D4CC0E-9938-4F3D-8C69-E720B1130877}
		{EF838710-8EFD-41C0-9A07-0DDBFA87D184} = {EF838710-8EFD-41C0-9A07-0DDBFA87D184}
		{0178A9C0-55DE-400A-B3B1-7EB1A6E581B7} = {0178A9C0-55DE-400A-B3B1-7EB1A6E581B7}
		{6A0703C8-4175-43AB-BAE4-FD2F7FA075AE} = {6A0703C8-4175-43AB-BAE4-FD2F7FA075AE}
		{3E0243EE-F542-4C67-9B4F-443175D60841} = {3E0243EE-F542-4C67-9B4F-443175D60841}
		{1D3446FA-6126-4642-9720-6DC3A1EDBB1F} = {1D3446FA-6126-4642-9720-6DC3A1EDBB1F}
	EndProjectSection
EndProject
Project("{2150E333-8FDC-42A3-9474-1A3956D46DE8}") = "Solution Items", "Solution Items", "{EBD34D48-8C9D-4424-AB81-D59A55E24690}"
	ProjectSection(SolutionItems) = preProject
		license.txt = license.txt
		README.md = README.md
	EndProjectSection
EndProject
Global
	GlobalSection(SolutionConfigurationPlatforms) = preSolution
		CD_ROM|Any CPU = CD_ROM|Any CPU
		CD_ROM|Mixed Platforms = CD_ROM|Mixed Platforms
		CD_ROM|Win32 = CD_ROM|Win32
		CD_ROM|x64 = CD_ROM|x64
		Debug|Any CPU = Debug|Any CPU
		Debug|Mixed Platforms = Debug|Mixed Platforms
		Debug|Win32 = Debug|Win32
		Debug|x64 = Debug|x64
		DVD-5|Any CPU = DVD-5|Any CPU
		DVD-5|Mixed Platforms = DVD-5|Mixed Platforms
		DVD-5|Win32 = DVD-5|Win32
		DVD-5|x64 = DVD-5|x64
		Release|Any CPU = Release|Any CPU
		Release|Mixed Platforms = Release|Mixed Platforms
		Release|Win32 = Release|Win32
		Release|x64 = Release|x64
		SingleImage|Any CPU = SingleImage|Any CPU
		SingleImage|Mixed Platforms = SingleImage|Mixed Platforms
		SingleImage|Win32 = SingleImage|Win32
		SingleImage|x64 = SingleImage|x64
	EndGlobalSection
	GlobalSection(ProjectConfigurationPlatforms) = postSolution
		{1D3446FA-6126-4642-9720-6DC3A1EDBB1F}.CD_ROM|Any CPU.ActiveCfg = Release|Any CPU
		{1D3446FA-6126-4642-9720-6DC3A1EDBB1F}.CD_ROM|Any CPU.Build.0 = Release|Any CPU
		{1D3446FA-6126-4642-9720-6DC3A1EDBB1F}.CD_ROM|Mixed Platforms.ActiveCfg = Release|Any CPU
		{1D3446FA-6126-4642-9720-6DC3A1EDBB1F}.CD_ROM|Mixed Platforms.Build.0 = Release|Any CPU
		{1D3446FA-6126-4642-9720-6DC3A1EDBB1F}.CD_ROM|Win32.ActiveCfg = Release|Any CPU
		{1D3446FA-6126-4642-9720-6DC3A1EDBB1F}.CD_ROM|x64.ActiveCfg = Release|x64
		{1D3446FA-6126-4642-9720-6DC3A1EDBB1F}.CD_ROM|x64.Build.0 = Release|x64
		{1D3446FA-6126-4642-9720-6DC3A1EDBB1F}.Debug|Any CPU.ActiveCfg = Debug|Any CPU
		{1D3446FA-6126-4642-9720-6DC3A1EDBB1F}.Debug|Any CPU.Build.0 = Debug|Any CPU
		{1D3446FA-6126-4642-9720-6DC3A1EDBB1F}.Debug|Mixed Platforms.ActiveCfg = Debug|Any CPU
		{1D3446FA-6126-4642-9720-6DC3A1EDBB1F}.Debug|Mixed Platforms.Build.0 = Debug|Any CPU
		{1D3446FA-6126-4642-9720-6DC3A1EDBB1F}.Debug|Win32.ActiveCfg = Debug|Any CPU
		{1D3446FA-6126-4642-9720-6DC3A1EDBB1F}.Debug|x64.ActiveCfg = Debug|x64
		{1D3446FA-6126-4642-9720-6DC3A1EDBB1F}.Debug|x64.Build.0 = Debug|x64
		{1D3446FA-6126-4642-9720-6DC3A1EDBB1F}.DVD-5|Any CPU.ActiveCfg = Debug|Any CPU
		{1D3446FA-6126-4642-9720-6DC3A1EDBB1F}.DVD-5|Any CPU.Build.0 = Debug|Any CPU
		{1D3446FA-6126-4642-9720-6DC3A1EDBB1F}.DVD-5|Mixed Platforms.ActiveCfg = Debug|Any CPU
		{1D3446FA-6126-4642-9720-6DC3A1EDBB1F}.DVD-5|Mixed Platforms.Build.0 = Debug|Any CPU
		{1D3446FA-6126-4642-9720-6DC3A1EDBB1F}.DVD-5|Win32.ActiveCfg = Debug|Any CPU
		{1D3446FA-6126-4642-9720-6DC3A1EDBB1F}.DVD-5|x64.ActiveCfg = Debug|x64
		{1D3446FA-6126-4642-9720-6DC3A1EDBB1F}.DVD-5|x64.Build.0 = Debug|x64
		{1D3446FA-6126-4642-9720-6DC3A1EDBB1F}.Release|Any CPU.ActiveCfg = Release|Any CPU
		{1D3446FA-6126-4642-9720-6DC3A1EDBB1F}.Release|Any CPU.Build.0 = Release|Any CPU
		{1D3446FA-6126-4642-9720-6DC3A1EDBB1F}.Release|Mixed Platforms.ActiveCfg = Release|Any CPU
		{1D3446FA-6126-4642-9720-6DC3A1EDBB1F}.Release|Mixed Platforms.Build.0 = Release|Any CPU
		{1D3446FA-6126-4642-9720-6DC3A1EDBB1F}.Release|Win32.ActiveCfg = Release|x86
		{1D3446FA-6126-4642-9720-6DC3A1EDBB1F}.Release|Win32.Build.0 = Release|x86
		{1D3446FA-6126-4642-9720-6DC3A1EDBB1F}.Release|x64.ActiveCfg = Release|x64
		{1D3446FA-6126-4642-9720-6DC3A1EDBB1F}.Release|x64.Build.0 = Release|x64
		{1D3446FA-6126-4642-9720-6DC3A1EDBB1F}.SingleImage|Any CPU.ActiveCfg = Release|Any CPU
		{1D3446FA-6126-4642-9720-6DC3A1EDBB1F}.SingleImage|Any CPU.Build.0 = Release|Any CPU
		{1D3446FA-6126-4642-9720-6DC3A1EDBB1F}.SingleImage|Mixed Platforms.ActiveCfg = Release|Any CPU
		{1D3446FA-6126-4642-9720-6DC3A1EDBB1F}.SingleImage|Mixed Platforms.Build.0 = Release|Any CPU
		{1D3446FA-6126-4642-9720-6DC3A1EDBB1F}.SingleImage|Win32.ActiveCfg = Release|Any CPU
		{1D3446FA-6126-4642-9720-6DC3A1EDBB1F}.SingleImage|x64.ActiveCfg = Release|x64
		{1D3446FA-6126-4642-9720-6DC3A1EDBB1F}.SingleImage|x64.Build.0 = Release|x64
		{EF838710-8EFD-41C0-9A07-0DDBFA87D184}.CD_ROM|Any CPU.ActiveCfg = Release|Any CPU
		{EF838710-8EFD-41C0-9A07-0DDBFA87D184}.CD_ROM|Any CPU.Build.0 = Release|Any CPU
		{EF838710-8EFD-41C0-9A07-0DDBFA87D184}.CD_ROM|Mixed Platforms.ActiveCfg = Release|Any CPU
		{EF838710-8EFD-41C0-9A07-0DDBFA87D184}.CD_ROM|Mixed Platforms.Build.0 = Release|Any CPU
		{EF838710-8EFD-41C0-9A07-0DDBFA87D184}.CD_ROM|Win32.ActiveCfg = Release|Any CPU
		{EF838710-8EFD-41C0-9A07-0DDBFA87D184}.CD_ROM|x64.ActiveCfg = Release|x64
		{EF838710-8EFD-41C0-9A07-0DDBFA87D184}.CD_ROM|x64.Build.0 = Release|x64
		{EF838710-8EFD-41C0-9A07-0DDBFA87D184}.Debug|Any CPU.ActiveCfg = Debug|Any CPU
		{EF838710-8EFD-41C0-9A07-0DDBFA87D184}.Debug|Any CPU.Build.0 = Debug|Any CPU
		{EF838710-8EFD-41C0-9A07-0DDBFA87D184}.Debug|Mixed Platforms.ActiveCfg = Debug|Any CPU
		{EF838710-8EFD-41C0-9A07-0DDBFA87D184}.Debug|Mixed Platforms.Build.0 = Debug|Any CPU
		{EF838710-8EFD-41C0-9A07-0DDBFA87D184}.Debug|Win32.ActiveCfg = Debug|Any CPU
		{EF838710-8EFD-41C0-9A07-0DDBFA87D184}.Debug|x64.ActiveCfg = Debug|x64
		{EF838710-8EFD-41C0-9A07-0DDBFA87D184}.Debug|x64.Build.0 = Debug|x64
		{EF838710-8EFD-41C0-9A07-0DDBFA87D184}.DVD-5|Any CPU.ActiveCfg = Debug|Any CPU
		{EF838710-8EFD-41C0-9A07-0DDBFA87D184}.DVD-5|Any CPU.Build.0 = Debug|Any CPU
		{EF838710-8EFD-41C0-9A07-0DDBFA87D184}.DVD-5|Mixed Platforms.ActiveCfg = Debug|Any CPU
		{EF838710-8EFD-41C0-9A07-0DDBFA87D184}.DVD-5|Mixed Platforms.Build.0 = Debug|Any CPU
		{EF838710-8EFD-41C0-9A07-0DDBFA87D184}.DVD-5|Win32.ActiveCfg = Debug|Any CPU
		{EF838710-8EFD-41C0-9A07-0DDBFA87D184}.DVD-5|x64.ActiveCfg = Debug|x64
		{EF838710-8EFD-41C0-9A07-0DDBFA87D184}.DVD-5|x64.Build.0 = Debug|x64
		{EF838710-8EFD-41C0-9A07-0DDBFA87D184}.Release|Any CPU.ActiveCfg = Release|Any CPU
		{EF838710-8EFD-41C0-9A07-0DDBFA87D184}.Release|Any CPU.Build.0 = Release|Any CPU
		{EF838710-8EFD-41C0-9A07-0DDBFA87D184}.Release|Mixed Platforms.ActiveCfg = Release|Any CPU
		{EF838710-8EFD-41C0-9A07-0DDBFA87D184}.Release|Mixed Platforms.Build.0 = Release|Any CPU
		{EF838710-8EFD-41C0-9A07-0DDBFA87D184}.Release|Win32.ActiveCfg = Release|x86
		{EF838710-8EFD-41C0-9A07-0DDBFA87D184}.Release|Win32.Build.0 = Release|x86
		{EF838710-8EFD-41C0-9A07-0DDBFA87D184}.Release|x64.ActiveCfg = Release|x64
		{EF838710-8EFD-41C0-9A07-0DDBFA87D184}.Release|x64.Build.0 = Release|x64
		{EF838710-8EFD-41C0-9A07-0DDBFA87D184}.SingleImage|Any CPU.ActiveCfg = Release|Any CPU
		{EF838710-8EFD-41C0-9A07-0DDBFA87D184}.SingleImage|Any CPU.Build.0 = Release|Any CPU
		{EF838710-8EFD-41C0-9A07-0DDBFA87D184}.SingleImage|Mixed Platforms.ActiveCfg = Release|Any CPU
		{EF838710-8EFD-41C0-9A07-0DDBFA87D184}.SingleImage|Mixed Platforms.Build.0 = Release|Any CPU
		{EF838710-8EFD-41C0-9A07-0DDBFA87D184}.SingleImage|Win32.ActiveCfg = Release|Any CPU
		{EF838710-8EFD-41C0-9A07-0DDBFA87D184}.SingleImage|x64.ActiveCfg = Release|x64
		{EF838710-8EFD-41C0-9A07-0DDBFA87D184}.SingleImage|x64.Build.0 = Release|x64
		{6A0703C8-4175-43AB-BAE4-FD2F7FA075AE}.CD_ROM|Any CPU.ActiveCfg = Release|Win32
		{6A0703C8-4175-43AB-BAE4-FD2F7FA075AE}.CD_ROM|Mixed Platforms.ActiveCfg = Release|Win32
		{6A0703C8-4175-43AB-BAE4-FD2F7FA075AE}.CD_ROM|Mixed Platforms.Build.0 = Release|Win32
		{6A0703C8-4175-43AB-BAE4-FD2F7FA075AE}.CD_ROM|Win32.ActiveCfg = Release|Win32
		{6A0703C8-4175-43AB-BAE4-FD2F7FA075AE}.CD_ROM|Win32.Build.0 = Release|Win32
		{6A0703C8-4175-43AB-BAE4-FD2F7FA075AE}.CD_ROM|x64.ActiveCfg = Release|x64
		{6A0703C8-4175-43AB-BAE4-FD2F7FA075AE}.CD_ROM|x64.Build.0 = Release|x64
		{6A0703C8-4175-43AB-BAE4-FD2F7FA075AE}.Debug|Any CPU.ActiveCfg = Debug|x64
		{6A0703C8-4175-43AB-BAE4-FD2F7FA075AE}.Debug|Any CPU.Build.0 = Debug|x64
		{6A0703C8-4175-43AB-BAE4-FD2F7FA075AE}.Debug|Mixed Platforms.ActiveCfg = Debug|x64
		{6A0703C8-4175-43AB-BAE4-FD2F7FA075AE}.Debug|Mixed Platforms.Build.0 = Debug|x64
		{6A0703C8-4175-43AB-BAE4-FD2F7FA075AE}.Debug|Win32.ActiveCfg = Debug|Win32
		{6A0703C8-4175-43AB-BAE4-FD2F7FA075AE}.Debug|Win32.Build.0 = Debug|Win32
		{6A0703C8-4175-43AB-BAE4-FD2F7FA075AE}.Debug|x64.ActiveCfg = Debug|x64
		{6A0703C8-4175-43AB-BAE4-FD2F7FA075AE}.Debug|x64.Build.0 = Debug|x64
		{6A0703C8-4175-43AB-BAE4-FD2F7FA075AE}.DVD-5|Any CPU.ActiveCfg = Debug|Win32
		{6A0703C8-4175-43AB-BAE4-FD2F7FA075AE}.DVD-5|Mixed Platforms.ActiveCfg = Debug|Win32
		{6A0703C8-4175-43AB-BAE4-FD2F7FA075AE}.DVD-5|Mixed Platforms.Build.0 = Debug|Win32
		{6A0703C8-4175-43AB-BAE4-FD2F7FA075AE}.DVD-5|Win32.ActiveCfg = Debug|Win32
		{6A0703C8-4175-43AB-BAE4-FD2F7FA075AE}.DVD-5|Win32.Build.0 = Debug|Win32
		{6A0703C8-4175-43AB-BAE4-FD2F7FA075AE}.DVD-5|x64.ActiveCfg = Debug|x64
		{6A0703C8-4175-43AB-BAE4-FD2F7FA075AE}.DVD-5|x64.Build.0 = Debug|x64
		{6A0703C8-4175-43AB-BAE4-FD2F7FA075AE}.Release|Any CPU.ActiveCfg = Release|x64
		{6A0703C8-4175-43AB-BAE4-FD2F7FA075AE}.Release|Any CPU.Build.0 = Release|x64
		{6A0703C8-4175-43AB-BAE4-FD2F7FA075AE}.Release|Mixed Platforms.ActiveCfg = Release|Win32
		{6A0703C8-4175-43AB-BAE4-FD2F7FA075AE}.Release|Mixed Platforms.Build.0 = Release|Win32
		{6A0703C8-4175-43AB-BAE4-FD2F7FA075AE}.Release|Win32.ActiveCfg = Release|Win32
		{6A0703C8-4175-43AB-BAE4-FD2F7FA075AE}.Release|Win32.Build.0 = Release|Win32
		{6A0703C8-4175-43AB-BAE4-FD2F7FA075AE}.Release|x64.ActiveCfg = Release|x64
		{6A0703C8-4175-43AB-BAE4-FD2F7FA075AE}.Release|x64.Build.0 = Release|x64
		{6A0703C8-4175-43AB-BAE4-FD2F7FA075AE}.SingleImage|Any CPU.ActiveCfg = Release|Win32
		{6A0703C8-4175-43AB-BAE4-FD2F7FA075AE}.SingleImage|Mixed Platforms.ActiveCfg = Release|Win32
		{6A0703C8-4175-43AB-BAE4-FD2F7FA075AE}.SingleImage|Mixed Platforms.Build.0 = Release|Win32
		{6A0703C8-4175-43AB-BAE4-FD2F7FA075AE}.SingleImage|Win32.ActiveCfg = Release|Win32
		{6A0703C8-4175-43AB-BAE4-FD2F7FA075AE}.SingleImage|Win32.Build.0 = Release|Win32
		{6A0703C8-4175-43AB-BAE4-FD2F7FA075AE}.SingleImage|x64.ActiveCfg = Release|x64
		{6A0703C8-4175-43AB-BAE4-FD2F7FA075AE}.SingleImage|x64.Build.0 = Release|x64
		{0178A9C0-55DE-400A-B3B1-7EB1A6E581B7}.CD_ROM|Any CPU.ActiveCfg = Release|Win32
		{0178A9C0-55DE-400A-B3B1-7EB1A6E581B7}.CD_ROM|Mixed Platforms.ActiveCfg = Release|Win32
		{0178A9C0-55DE-400A-B3B1-7EB1A6E581B7}.CD_ROM|Mixed Platforms.Build.0 = Release|Win32
		{0178A9C0-55DE-400A-B3B1-7EB1A6E581B7}.CD_ROM|Win32.ActiveCfg = Release|Win32
		{0178A9C0-55DE-400A-B3B1-7EB1A6E581B7}.CD_ROM|Win32.Build.0 = Release|Win32
		{0178A9C0-55DE-400A-B3B1-7EB1A6E581B7}.CD_ROM|x64.ActiveCfg = Release|x64
		{0178A9C0-55DE-400A-B3B1-7EB1A6E581B7}.CD_ROM|x64.Build.0 = Release|x64
		{0178A9C0-55DE-400A-B3B1-7EB1A6E581B7}.Debug|Any CPU.ActiveCfg = Debug|x64
		{0178A9C0-55DE-400A-B3B1-7EB1A6E581B7}.Debug|Any CPU.Build.0 = Debug|x64
		{0178A9C0-55DE-400A-B3B1-7EB1A6E581B7}.Debug|Mixed Platforms.ActiveCfg = Debug|x64
		{0178A9C0-55DE-400A-B3B1-7EB1A6E581B7}.Debug|Mixed Platforms.Build.0 = Debug|x64
		{0178A9C0-55DE-400A-B3B1-7EB1A6E581B7}.Debug|Win32.ActiveCfg = Debug|Win32
		{0178A9C0-55DE-400A-B3B1-7EB1A6E581B7}.Debug|Win32.Build.0 = Debug|Win32
		{0178A9C0-55DE-400A-B3B1-7EB1A6E581B7}.Debug|x64.ActiveCfg = Debug|x64
		{0178A9C0-55DE-400A-B3B1-7EB1A6E581B7}.Debug|x64.Build.0 = Debug|x64
		{0178A9C0-55DE-400A-B3B1-7EB1A6E581B7}.DVD-5|Any CPU.ActiveCfg = Debug|Win32
		{0178A9C0-55DE-400A-B3B1-7EB1A6E581B7}.DVD-5|Mixed Platforms.ActiveCfg = Debug|Win32
		{0178A9C0-55DE-400A-B3B1-7EB1A6E581B7}.DVD-5|Mixed Platforms.Build.0 = Debug|Win32
		{0178A9C0-55DE-400A-B3B1-7EB1A6E581B7}.DVD-5|Win32.ActiveCfg = Debug|Win32
		{0178A9C0-55DE-400A-B3B1-7EB1A6E581B7}.DVD-5|Win32.Build.0 = Debug|Win32
		{0178A9C0-55DE-400A-B3B1-7EB1A6E581B7}.DVD-5|x64.ActiveCfg = Debug|x64
		{0178A9C0-55DE-400A-B3B1-7EB1A6E581B7}.DVD-5|x64.Build.0 = Debug|x64
		{0178A9C0-55DE-400A-B3B1-7EB1A6E581B7}.Release|Any CPU.ActiveCfg = Release|x64
		{0178A9C0-55DE-400A-B3B1-7EB1A6E581B7}.Release|Any CPU.Build.0 = Release|x64
		{0178A9C0-55DE-400A-B3B1-7EB1A6E581B7}.Release|Mixed Platforms.ActiveCfg = Release|Win32
		{0178A9C0-55DE-400A-B3B1-7EB1A6E581B7}.Release|Mixed Platforms.Build.0 = Release|Win32
		{0178A9C0-55DE-400A-B3B1-7EB1A6E581B7}.Release|Win32.ActiveCfg = Release|Win32
		{0178A9C0-55DE-400A-B3B1-7EB1A6E581B7}.Release|Win32.Build.0 = Release|Win32
		{0178A9C0-55DE-400A-B3B1-7EB1A6E581B7}.Release|x64.ActiveCfg = Release|x64
		{0178A9C0-55DE-400A-B3B1-7EB1A6E581B7}.Release|x64.Build.0 = Release|x64
		{0178A9C0-55DE-400A-B3B1-7EB1A6E581B7}.SingleImage|Any CPU.ActiveCfg = Release|Win32
		{0178A9C0-55DE-400A-B3B1-7EB1A6E581B7}.SingleImage|Mixed Platforms.ActiveCfg = Release|Win32
		{0178A9C0-55DE-400A-B3B1-7EB1A6E581B7}.SingleImage|Mixed Platforms.Build.0 = Release|Win32
		{0178A9C0-55DE-400A-B3B1-7EB1A6E581B7}.SingleImage|Win32.ActiveCfg = Release|Win32
		{0178A9C0-55DE-400A-B3B1-7EB1A6E581B7}.SingleImage|Win32.Build.0 = Release|Win32
		{0178A9C0-55DE-400A-B3B1-7EB1A6E581B7}.SingleImage|x64.ActiveCfg = Release|x64
		{0178A9C0-55DE-400A-B3B1-7EB1A6E581B7}.SingleImage|x64.Build.0 = Release|x64
		{F3D4CC0E-9938-4F3D-8C69-E720B1130877}.CD_ROM|Any CPU.ActiveCfg = Release|Win32
		{F3D4CC0E-9938-4F3D-8C69-E720B1130877}.CD_ROM|Mixed Platforms.ActiveCfg = Release|Win32
		{F3D4CC0E-9938-4F3D-8C69-E720B1130877}.CD_ROM|Mixed Platforms.Build.0 = Release|Win32
		{F3D4CC0E-9938-4F3D-8C69-E720B1130877}.CD_ROM|Win32.ActiveCfg = Release|Win32
		{F3D4CC0E-9938-4F3D-8C69-E720B1130877}.CD_ROM|Win32.Build.0 = Release|Win32
		{F3D4CC0E-9938-4F3D-8C69-E720B1130877}.CD_ROM|x64.ActiveCfg = Release|x64
		{F3D4CC0E-9938-4F3D-8C69-E720B1130877}.CD_ROM|x64.Build.0 = Release|x64
		{F3D4CC0E-9938-4F3D-8C69-E720B1130877}.Debug|Any CPU.ActiveCfg = Debug|x64
		{F3D4CC0E-9938-4F3D-8C69-E720B1130877}.Debug|Any CPU.Build.0 = Debug|x64
		{F3D4CC0E-9938-4F3D-8C69-E720B1130877}.Debug|Mixed Platforms.ActiveCfg = Debug|x64
		{F3D4CC0E-9938-4F3D-8C69-E720B1130877}.Debug|Mixed Platforms.Build.0 = Debug|x64
		{F3D4CC0E-9938-4F3D-8C69-E720B1130877}.Debug|Win32.ActiveCfg = Debug|Win32
		{F3D4CC0E-9938-4F3D-8C69-E720B1130877}.Debug|Win32.Build.0 = Debug|Win32
		{F3D4CC0E-9938-4F3D-8C69-E720B1130877}.Debug|x64.ActiveCfg = Debug|x64
		{F3D4CC0E-9938-4F3D-8C69-E720B1130877}.Debug|x64.Build.0 = Debug|x64
		{F3D4CC0E-9938-4F3D-8C69-E720B1130877}.DVD-5|Any CPU.ActiveCfg = Debug|Win32
		{F3D4CC0E-9938-4F3D-8C69-E720B1130877}.DVD-5|Mixed Platforms.ActiveCfg = Debug|Win32
		{F3D4CC0E-9938-4F3D-8C69-E720B1130877}.DVD-5|Mixed Platforms.Build.0 = Debug|Win32
		{F3D4CC0E-9938-4F3D-8C69-E720B1130877}.DVD-5|Win32.ActiveCfg = Debug|Win32
		{F3D4CC0E-9938-4F3D-8C69-E720B1130877}.DVD-5|Win32.Build.0 = Debug|Win32
		{F3D4CC0E-9938-4F3D-8C69-E720B1130877}.DVD-5|x64.ActiveCfg = Debug|x64
		{F3D4CC0E-9938-4F3D-8C69-E720B1130877}.DVD-5|x64.Build.0 = Debug|x64
		{F3D4CC0E-9938-4F3D-8C69-E720B1130877}.Release|Any CPU.ActiveCfg = Release|x64
		{F3D4CC0E-9938-4F3D-8C69-E720B1130877}.Release|Any CPU.Build.0 = Release|x64
		{F3D4CC0E-9938-4F3D-8C69-E720B1130877}.Release|Mixed Platforms.ActiveCfg = Release|Win32
		{F3D4CC0E-9938-4F3D-8C69-E720B1130877}.Release|Mixed Platforms.Build.0 = Release|Win32
		{F3D4CC0E-9938-4F3D-8C69-E720B1130877}.Release|Win32.ActiveCfg = Release|Win32
		{F3D4CC0E-9938-4F3D-8C69-E720B1130877}.Release|Win32.Build.0 = Release|Win32
		{F3D4CC0E-9938-4F3D-8C69-E720B1130877}.Release|x64.ActiveCfg = Release|x64
		{F3D4CC0E-9938-4F3D-8C69-E720B1130877}.Release|x64.Build.0 = Release|x64
		{F3D4CC0E-9938-4F3D-8C69-E720B1130877}.SingleImage|Any CPU.ActiveCfg = Release|Win32
		{F3D4CC0E-9938-4F3D-8C69-E720B1130877}.SingleImage|Mixed Platforms.ActiveCfg = Release|Win32
		{F3D4CC0E-9938-4F3D-8C69-E720B1130877}.SingleImage|Mixed Platforms.Build.0 = Release|Win32
		{F3D4CC0E-9938-4F3D-8C69-E720B1130877}.SingleImage|Win32.ActiveCfg = Release|Win32
		{F3D4CC0E-9938-4F3D-8C69-E720B1130877}.SingleImage|Win32.Build.0 = Release|Win32
		{F3D4CC0E-9938-4F3D-8C69-E720B1130877}.SingleImage|x64.ActiveCfg = Release|x64
		{F3D4CC0E-9938-4F3D-8C69-E720B1130877}.SingleImage|x64.Build.0 = Release|x64
		{3E0243EE-F542-4C67-9B4F-443175D60841}.CD_ROM|Any CPU.ActiveCfg = Release|Win32
		{3E0243EE-F542-4C67-9B4F-443175D60841}.CD_ROM|Mixed Platforms.ActiveCfg = Release|Win32
		{3E0243EE-F542-4C67-9B4F-443175D60841}.CD_ROM|Mixed Platforms.Build.0 = Release|Win32
		{3E0243EE-F542-4C67-9B4F-443175D60841}.CD_ROM|Win32.ActiveCfg = Release|Win32
		{3E0243EE-F542-4C67-9B4F-443175D60841}.CD_ROM|Win32.Build.0 = Release|Win32
		{3E0243EE-F542-4C67-9B4F-443175D60841}.CD_ROM|x64.ActiveCfg = Release|x64
		{3E0243EE-F542-4C67-9B4F-443175D60841}.CD_ROM|x64.Build.0 = Release|x64
		{3E0243EE-F542-4C67-9B4F-443175D60841}.Debug|Any CPU.ActiveCfg = Debug|x64
		{3E0243EE-F542-4C67-9B4F-443175D60841}.Debug|Any CPU.Build.0 = Debug|x64
		{3E0243EE-F542-4C67-9B4F-443175D60841}.Debug|Mixed Platforms.ActiveCfg = Debug|x64
		{3E0243EE-F542-4C67-9B4F-443175D60841}.Debug|Mixed Platforms.Build.0 = Debug|x64
		{3E0243EE-F542-4C67-9B4F-443175D60841}.Debug|Win32.ActiveCfg = Debug|Win32
		{3E0243EE-F542-4C67-9B4F-443175D60841}.Debug|Win32.Build.0 = Debug|Win32
		{3E0243EE-F542-4C67-9B4F-443175D60841}.Debug|x64.ActiveCfg = Debug|x64
		{3E0243EE-F542-4C67-9B4F-443175D60841}.Debug|x64.Build.0 = Debug|x64
		{3E0243EE-F542-4C67-9B4F-443175D60841}.DVD-5|Any CPU.ActiveCfg = Debug|Win32
		{3E0243EE-F542-4C67-9B4F-443175D60841}.DVD-5|Mixed Platforms.ActiveCfg = Debug|Win32
		{3E0243EE-F542-4C67-9B4F-443175D60841}.DVD-5|Mixed Platforms.Build.0 = Debug|Win32
		{3E0243EE-F542-4C67-9B4F-443175D60841}.DVD-5|Win32.ActiveCfg = Debug|Win32
		{3E0243EE-F542-4C67-9B4F-443175D60841}.DVD-5|Win32.Build.0 = Debug|Win32
		{3E0243EE-F542-4C67-9B4F-443175D60841}.DVD-5|x64.ActiveCfg = Debug|x64
		{3E0243EE-F542-4C67-9B4F-443175D60841}.DVD-5|x64.Build.0 = Debug|x64
		{3E0243EE-F542-4C67-9B4F-443175D60841}.Release|Any CPU.ActiveCfg = Release|x64
		{3E0243EE-F542-4C67-9B4F-443175D60841}.Release|Any CPU.Build.0 = Release|x64
		{3E0243EE-F542-4C67-9B4F-443175D60841}.Release|Mixed Platforms.ActiveCfg = Release|Win32
		{3E0243EE-F542-4C67-9B4F-443175D60841}.Release|Mixed Platforms.Build.0 = Release|Win32
		{3E0243EE-F542-4C67-9B4F-443175D60841}.Release|Win32.ActiveCfg = Release|Win32
		{3E0243EE-F542-4C67-9B4F-443175D60841}.Release|Win32.Build.0 = Release|Win32
		{3E0243EE-F542-4C67-9B4F-443175D60841}.Release|x64.ActiveCfg = Release|x64
		{3E0243EE-F542-4C67-9B4F-443175D60841}.Release|x64.Build.0 = Release|x64
		{3E0243EE-F542-4C67-9B4F-443175D60841}.SingleImage|Any CPU.ActiveCfg = Release|Win32
		{3E0243EE-F542-4C67-9B4F-443175D60841}.SingleImage|Mixed Platforms.ActiveCfg = Release|Win32
		{3E0243EE-F542-4C67-9B4F-443175D60841}.SingleImage|Mixed Platforms.Build.0 = Release|Win32
		{3E0243EE-F542-4C67-9B4F-443175D60841}.SingleImage|Win32.ActiveCfg = Release|Win32
		{3E0243EE-F542-4C67-9B4F-443175D60841}.SingleImage|Win32.Build.0 = Release|Win32
		{3E0243EE-F542-4C67-9B4F-443175D60841}.SingleImage|x64.ActiveCfg = Release|x64
		{3E0243EE-F542-4C67-9B4F-443175D60841}.SingleImage|x64.Build.0 = Release|x64
		{14559DBA-C8DE-47C0-A974-907963D69125}.CD_ROM|Any CPU.ActiveCfg = CD_ROM
		{14559DBA-C8DE-47C0-A974-907963D69125}.CD_ROM|Any CPU.Build.0 = CD_ROM
		{14559DBA-C8DE-47C0-A974-907963D69125}.CD_ROM|Mixed Platforms.ActiveCfg = CD_ROM
		{14559DBA-C8DE-47C0-A974-907963D69125}.CD_ROM|Mixed Platforms.Build.0 = CD_ROM
		{14559DBA-C8DE-47C0-A974-907963D69125}.CD_ROM|Win32.ActiveCfg = CD_ROM
		{14559DBA-C8DE-47C0-A974-907963D69125}.CD_ROM|Win32.Build.0 = CD_ROM
		{14559DBA-C8DE-47C0-A974-907963D69125}.CD_ROM|x64.ActiveCfg = CD_ROM
		{14559DBA-C8DE-47C0-A974-907963D69125}.CD_ROM|x64.Build.0 = CD_ROM
		{14559DBA-C8DE-47C0-A974-907963D69125}.Debug|Any CPU.ActiveCfg = DVD-5
		{14559DBA-C8DE-47C0-A974-907963D69125}.Debug|Any CPU.Build.0 = DVD-5
		{14559DBA-C8DE-47C0-A974-907963D69125}.Debug|Mixed Platforms.ActiveCfg = DVD-5
		{14559DBA-C8DE-47C0-A974-907963D69125}.Debug|Mixed Platforms.Build.0 = DVD-5
		{14559DBA-C8DE-47C0-A974-907963D69125}.Debug|Win32.ActiveCfg = DVD-5
		{14559DBA-C8DE-47C0-A974-907963D69125}.Debug|Win32.Build.0 = DVD-5
		{14559DBA-C8DE-47C0-A974-907963D69125}.Debug|x64.ActiveCfg = DVD-5
		{14559DBA-C8DE-47C0-A974-907963D69125}.Debug|x64.Build.0 = DVD-5
		{14559DBA-C8DE-47C0-A974-907963D69125}.DVD-5|Any CPU.ActiveCfg = DVD-5
		{14559DBA-C8DE-47C0-A974-907963D69125}.DVD-5|Any CPU.Build.0 = DVD-5
		{14559DBA-C8DE-47C0-A974-907963D69125}.DVD-5|Mixed Platforms.ActiveCfg = DVD-5
		{14559DBA-C8DE-47C0-A974-907963D69125}.DVD-5|Mixed Platforms.Build.0 = DVD-5
		{14559DBA-C8DE-47C0-A974-907963D69125}.DVD-5|Win32.ActiveCfg = DVD-5
		{14559DBA-C8DE-47C0-A974-907963D69125}.DVD-5|Win32.Build.0 = DVD-5
		{14559DBA-C8DE-47C0-A974-907963D69125}.DVD-5|x64.ActiveCfg = DVD-5
		{14559DBA-C8DE-47C0-A974-907963D69125}.DVD-5|x64.Build.0 = DVD-5
		{14559DBA-C8DE-47C0-A974-907963D69125}.Release|Any CPU.ActiveCfg = SingleImage
		{14559DBA-C8DE-47C0-A974-907963D69125}.Release|Any CPU.Build.0 = SingleImage
		{14559DBA-C8DE-47C0-A974-907963D69125}.Release|Mixed Platforms.ActiveCfg = SingleImage
		{14559DBA-C8DE-47C0-A974-907963D69125}.Release|Mixed Platforms.Build.0 = SingleImage
		{14559DBA-C8DE-47C0-A974-907963D69125}.Release|Win32.ActiveCfg = SingleImage
		{14559DBA-C8DE-47C0-A974-907963D69125}.Release|x64.ActiveCfg = SingleImage
		{14559DBA-C8DE-47C0-A974-907963D69125}.Release|x64.Build.0 = SingleImage
		{14559DBA-C8DE-47C0-A974-907963D69125}.SingleImage|Any CPU.ActiveCfg = SingleImage
		{14559DBA-C8DE-47C0-A974-907963D69125}.SingleImage|Any CPU.Build.0 = SingleImage
		{14559DBA-C8DE-47C0-A974-907963D69125}.SingleImage|Mixed Platforms.ActiveCfg = SingleImage
		{14559DBA-C8DE-47C0-A974-907963D69125}.SingleImage|Mixed Platforms.Build.0 = SingleImage
		{14559DBA-C8DE-47C0-A974-907963D69125}.SingleImage|Win32.ActiveCfg = SingleImage
		{14559DBA-C8DE-47C0-A974-907963D69125}.SingleImage|Win32.Build.0 = SingleImage
		{14559DBA-C8DE-47C0-A974-907963D69125}.SingleImage|x64.ActiveCfg = SingleImage
		{14559DBA-C8DE-47C0-A974-907963D69125}.SingleImage|x64.Build.0 = SingleImage
		{C14518F8-FB61-47B9-8135-7B08E97C28F0}.CD_ROM|Any CPU.ActiveCfg = CD_ROM
		{C14518F8-FB61-47B9-8135-7B08E97C28F0}.CD_ROM|Any CPU.Build.0 = CD_ROM
		{C14518F8-FB61-47B9-8135-7B08E97C28F0}.CD_ROM|Mixed Platforms.ActiveCfg = CD_ROM
		{C14518F8-FB61-47B9-8135-7B08E97C28F0}.CD_ROM|Mixed Platforms.Build.0 = CD_ROM
		{C14518F8-FB61-47B9-8135-7B08E97C28F0}.CD_ROM|Win32.ActiveCfg = CD_ROM
		{C14518F8-FB61-47B9-8135-7B08E97C28F0}.CD_ROM|Win32.Build.0 = CD_ROM
		{C14518F8-FB61-47B9-8135-7B08E97C28F0}.CD_ROM|x64.ActiveCfg = CD_ROM
		{C14518F8-FB61-47B9-8135-7B08E97C28F0}.CD_ROM|x64.Build.0 = CD_ROM
		{C14518F8-FB61-47B9-8135-7B08E97C28F0}.Debug|Any CPU.ActiveCfg = DVD-5
		{C14518F8-FB61-47B9-8135-7B08E97C28F0}.Debug|Any CPU.Build.0 = DVD-5
		{C14518F8-FB61-47B9-8135-7B08E97C28F0}.Debug|Mixed Platforms.ActiveCfg = DVD-5
		{C14518F8-FB61-47B9-8135-7B08E97C28F0}.Debug|Mixed Platforms.Build.0 = DVD-5
		{C14518F8-FB61-47B9-8135-7B08E97C28F0}.Debug|Win32.ActiveCfg = DVD-5
		{C14518F8-FB61-47B9-8135-7B08E97C28F0}.Debug|Win32.Build.0 = DVD-5
		{C14518F8-FB61-47B9-8135-7B08E97C28F0}.Debug|x64.ActiveCfg = DVD-5
		{C14518F8-FB61-47B9-8135-7B08E97C28F0}.Debug|x64.Build.0 = DVD-5
		{C14518F8-FB61-47B9-8135-7B08E97C28F0}.DVD-5|Any CPU.ActiveCfg = DVD-5
		{C14518F8-FB61-47B9-8135-7B08E97C28F0}.DVD-5|Any CPU.Build.0 = DVD-5
		{C14518F8-FB61-47B9-8135-7B08E97C28F0}.DVD-5|Mixed Platforms.ActiveCfg = DVD-5
		{C14518F8-FB61-47B9-8135-7B08E97C28F0}.DVD-5|Mixed Platforms.Build.0 = DVD-5
		{C14518F8-FB61-47B9-8135-7B08E97C28F0}.DVD-5|Win32.ActiveCfg = DVD-5
		{C14518F8-FB61-47B9-8135-7B08E97C28F0}.DVD-5|Win32.Build.0 = DVD-5
		{C14518F8-FB61-47B9-8135-7B08E97C28F0}.DVD-5|x64.ActiveCfg = DVD-5
		{C14518F8-FB61-47B9-8135-7B08E97C28F0}.DVD-5|x64.Build.0 = DVD-5
		{C14518F8-FB61-47B9-8135-7B08E97C28F0}.Release|Any CPU.ActiveCfg = SingleImage
		{C14518F8-FB61-47B9-8135-7B08E97C28F0}.Release|Any CPU.Build.0 = SingleImage
		{C14518F8-FB61-47B9-8135-7B08E97C28F0}.Release|Mixed Platforms.ActiveCfg = SingleImage
		{C14518F8-FB61-47B9-8135-7B08E97C28F0}.Release|Mixed Platforms.Build.0 = SingleImage
		{C14518F8-FB61-47B9-8135-7B08E97C28F0}.Release|Win32.ActiveCfg = SingleImage
		{C14518F8-FB61-47B9-8135-7B08E97C28F0}.Release|Win32.Build.0 = SingleImage
		{C14518F8-FB61-47B9-8135-7B08E97C28F0}.Release|x64.ActiveCfg = SingleImage
		{C14518F8-FB61-47B9-8135-7B08E97C28F0}.SingleImage|Any CPU.ActiveCfg = SingleImage
		{C14518F8-FB61-47B9-8135-7B08E97C28F0}.SingleImage|Any CPU.Build.0 = SingleImage
		{C14518F8-FB61-47B9-8135-7B08E97C28F0}.SingleImage|Mixed Platforms.ActiveCfg = SingleImage
		{C14518F8-FB61-47B9-8135-7B08E97C28F0}.SingleImage|Mixed Platforms.Build.0 = SingleImage
		{C14518F8-FB61-47B9-8135-7B08E97C28F0}.SingleImage|Win32.ActiveCfg = SingleImage
		{C14518F8-FB61-47B9-8135-7B08E97C28F0}.SingleImage|Win32.Build.0 = SingleImage
		{C14518F8-FB61-47B9-8135-7B08E97C28F0}.SingleImage|x64.ActiveCfg = SingleImage
		{C14518F8-FB61-47B9-8135-7B08E97C28F0}.SingleImage|x64.Build.0 = SingleImage
	EndGlobalSection
	GlobalSection(SolutionProperties) = preSolution
		HideSolutionNode = FALSE
	EndGlobalSection
EndGlobal
